<Solution>
  <Folder Name="/deploy/">
    <File Path="docker-compose.yml" />
  </Folder>
  <Folder Name="/src/" />
  <Folder Name="/src/Core/">
    <Project Path="D:/CURSO .NET10/PROPIO/LIMPIA/EM.HOSPITAL/EM.Hospital.Application/EM.Hospital.Application.csproj" />
    <Project Path="D:/CURSO .NET10/PROPIO/LIMPIA/EM.HOSPITAL/EM.Hospital.Domain/EM.Hospital.Domain.csproj" />
  </Folder>
  <Folder Name="/src/Infraestructure/">
    <Project Path="D:/CURSO .NET10/PROPIO/LIMPIA/EM.HOSPITAL/EM.Hospital.Infraestructure/EM.Hospital.Infraestructure.csproj" />
  </Folder>
  <Folder Name="/src/Presentation/">
    <Project Path="EM.Hospital.API/EM.Hospital.API.csproj" Id="9df2f59e-eb14-4c83-ac2f-8d5860ba800e" />
  </Folder>
</Solution>
